
Microsoft Visual Studio Solution File, Format Version 12.00
# Visual Studio 15
VisualStudioVersion = 15.0.26124.0
MinimumVisualStudioVersion = 15.0.26124.0
Project("{2150E333-8FDC-42A3-9474-1A3956D46DE8}") = "api", "api", "{F9FC54FC-32B2-496E-B0CA-3D6C9854F7B1}"
EndProject
Project("{FAE04EC0-301F-11D3-BF4B-00C04F79EFBC}") = "FacilityService", "api\FacilityService\FacilityService.csproj", "{D5A0ECED-D523-48E0-90EE-02A789A4339F}"
EndProject
Project("{FAE04EC0-301F-11D3-BF4B-00C04F79EFBC}") = "FacilityService.Test", "api\FacilityService.Test\FacilityService.Test.csproj", "{CA179C2E-E206-40C3-91EB-10F6D3C549AE}"
EndProject
Global
	GlobalSection(SolutionConfigurationPlatforms) = preSolution
		Debug|Any CPU = Debug|Any CPU
		Debug|x64 = Debug|x64
		Debug|x86 = Debug|x86
		Release|Any CPU = Release|Any CPU
		Release|x64 = Release|x64
		Release|x86 = Release|x86
	EndGlobalSection
	GlobalSection(SolutionProperties) = preSolution
		HideSolutionNode = FALSE
	EndGlobalSection
	GlobalSection(ProjectConfigurationPlatforms) = postSolution
		{D5A0ECED-D523-48E0-90EE-02A789A4339F}.Debug|Any CPU.ActiveCfg = Debug|Any CPU
		{D5A0ECED-D523-48E0-90EE-02A789A4339F}.Debug|Any CPU.Build.0 = Debug|Any CPU
		{D5A0ECED-D523-48E0-90EE-02A789A4339F}.Debug|x64.ActiveCfg = Debug|Any CPU
		{D5A0ECED-D523-48E0-90EE-02A789A4339F}.Debug|x64.Build.0 = Debug|Any CPU
		{D5A0ECED-D523-48E0-90EE-02A789A4339F}.Debug|x86.ActiveCfg = Debug|Any CPU
		{D5A0ECED-D523-48E0-90EE-02A789A4339F}.Debug|x86.Build.0 = Debug|Any CPU
		{D5A0ECED-D523-48E0-90EE-02A789A4339F}.Release|Any CPU.ActiveCfg = Release|Any CPU
		{D5A0ECED-D523-48E0-90EE-02A789A4339F}.Release|Any CPU.Build.0 = Release|Any CPU
		{D5A0ECED-D523-48E0-90EE-02A789A4339F}.Release|x64.ActiveCfg = Release|Any CPU
		{D5A0ECED-D523-48E0-90EE-02A789A4339F}.Release|x64.Build.0 = Release|Any CPU
		{D5A0ECED-D523-48E0-90EE-02A789A4339F}.Release|x86.ActiveCfg = Release|Any CPU
		{D5A0ECED-D523-48E0-90EE-02A789A4339F}.Release|x86.Build.0 = Release|Any CPU
		{CA179C2E-E206-40C3-91EB-10F6D3C549AE}.Debug|Any CPU.ActiveCfg = Debug|Any CPU
		{CA179C2E-E206-40C3-91EB-10F6D3C549AE}.Debug|Any CPU.Build.0 = Debug|Any CPU
		{CA179C2E-E206-40C3-91EB-10F6D3C549AE}.Debug|x64.ActiveCfg = Debug|Any CPU
		{CA179C2E-E206-40C3-91EB-10F6D3C549AE}.Debug|x64.Build.0 = Debug|Any CPU
		{CA179C2E-E206-40C3-91EB-10F6D3C549AE}.Debug|x86.ActiveCfg = Debug|Any CPU
		{CA179C2E-E206-40C3-91EB-10F6D3C549AE}.Debug|x86.Build.0 = Debug|Any CPU
		{CA179C2E-E206-40C3-91EB-10F6D3C549AE}.Release|Any CPU.ActiveCfg = Release|Any CPU
		{CA179C2E-E206-40C3-91EB-10F6D3C549AE}.Release|Any CPU.Build.0 = Release|Any CPU
		{CA179C2E-E206-40C3-91EB-10F6D3C549AE}.Release|x64.ActiveCfg = Release|Any CPU
		{CA179C2E-E206-40C3-91EB-10F6D3C549AE}.Release|x64.Build.0 = Release|Any CPU
		{CA179C2E-E206-40C3-91EB-10F6D3C549AE}.Release|x86.ActiveCfg = Release|Any CPU
		{CA179C2E-E206-40C3-91EB-10F6D3C549AE}.Release|x86.Build.0 = Release|Any CPU
	EndGlobalSection
	GlobalSection(NestedProjects) = preSolution
		{D5A0ECED-D523-48E0-90EE-02A789A4339F} = {F9FC54FC-32B2-496E-B0CA-3D6C9854F7B1}
		{CA179C2E-E206-40C3-91EB-10F6D3C549AE} = {F9FC54FC-32B2-496E-B0CA-3D6C9854F7B1}
	EndGlobalSection
EndGlobal
